// !$*UTF8*$!
{
	archiveVersion = 1;
	classes = {
	};
	objectVersion = 56;
	objects = {

/* Begin PBXBuildFile section */
		38824C132B5EAF18007D3F8F /* Followers.swift in Sources */ = {isa = PBXBuildFile; fileRef = 38824C122B5EAF18007D3F8F /* Followers.swift */; };
		38824C152B5EB182007D3F8F /* NetworkManager.swift in Sources */ = {isa = PBXBuildFile; fileRef = 38824C142B5EB182007D3F8F /* NetworkManager.swift */; };
		389135C42B63FC8A00BC20E5 /* Coordinator.swift in Sources */ = {isa = PBXBuildFile; fileRef = 389135C32B63FC8A00BC20E5 /* Coordinator.swift */; };
		389135C62B63FF0B00BC20E5 /* ApplicationCoordinator.swift in Sources */ = {isa = PBXBuildFile; fileRef = 389135C52B63FF0B00BC20E5 /* ApplicationCoordinator.swift */; };
		389135C92B63FF4900BC20E5 /* OnboardingView.swift in Sources */ = {isa = PBXBuildFile; fileRef = 389135C82B63FF4900BC20E5 /* OnboardingView.swift */; };
		389135CB2B64012600BC20E5 /* OnboardingViewModel.swift in Sources */ = {isa = PBXBuildFile; fileRef = 389135CA2B64012600BC20E5 /* OnboardingViewModel.swift */; };
		389135CD2B641FC000BC20E5 /* OnboardingCoordinator.swift in Sources */ = {isa = PBXBuildFile; fileRef = 389135CC2B641FC000BC20E5 /* OnboardingCoordinator.swift */; };
		389135D12B64289E00BC20E5 /* FavouriteTabCoordinator.swift in Sources */ = {isa = PBXBuildFile; fileRef = 389135D02B64289E00BC20E5 /* FavouriteTabCoordinator.swift */; };
		389135D42B642FF300BC20E5 /* SearchTabCoordinator.swift in Sources */ = {isa = PBXBuildFile; fileRef = 389135D32B642FF300BC20E5 /* SearchTabCoordinator.swift */; };
		389135D62B64398B00BC20E5 /* MainCoordinator.swift in Sources */ = {isa = PBXBuildFile; fileRef = 389135D52B64398B00BC20E5 /* MainCoordinator.swift */; };
		38BAA4982B5ED2E300E20F13 /* FollowersViewModel.swift in Sources */ = {isa = PBXBuildFile; fileRef = 38BAA4972B5ED2E300E20F13 /* FollowersViewModel.swift */; };
		510E52D52B5E5EA6007DBC06 /* FollowersCell.swift in Sources */ = {isa = PBXBuildFile; fileRef = 510E52D32B5E5EA6007DBC06 /* FollowersCell.swift */; };
		510E52D62B5E5EA6007DBC06 /* FollowersCell.xib in Resources */ = {isa = PBXBuildFile; fileRef = 510E52D42B5E5EA6007DBC06 /* FollowersCell.xib */; };
		510E52D92B5E72BC007DBC06 /* CustomAlertViewController.swift in Sources */ = {isa = PBXBuildFile; fileRef = 510E52D82B5E72BC007DBC06 /* CustomAlertViewController.swift */; };
		514641292B6276AF00B08991 /* FavCell.swift in Sources */ = {isa = PBXBuildFile; fileRef = 514641272B6276AF00B08991 /* FavCell.swift */; };
		5146412A2B6276AF00B08991 /* FavCell.xib in Resources */ = {isa = PBXBuildFile; fileRef = 514641282B6276AF00B08991 /* FavCell.xib */; };
		514B4E902B592BC100156CCF /* AppDelegate.swift in Sources */ = {isa = PBXBuildFile; fileRef = 514B4E8F2B592BC100156CCF /* AppDelegate.swift */; };
		514B4E942B592BC100156CCF /* SearchViewController.swift in Sources */ = {isa = PBXBuildFile; fileRef = 514B4E932B592BC100156CCF /* SearchViewController.swift */; };
		514B4E9C2B592BC300156CCF /* Assets.xcassets in Resources */ = {isa = PBXBuildFile; fileRef = 514B4E9B2B592BC300156CCF /* Assets.xcassets */; };
		514B4E9F2B592BC300156CCF /* LaunchScreen.storyboard in Resources */ = {isa = PBXBuildFile; fileRef = 514B4E9D2B592BC300156CCF /* LaunchScreen.storyboard */; };
		51EEA52D2B5D63DE00B7A731 /* FavouriteViewController.swift in Sources */ = {isa = PBXBuildFile; fileRef = 51EEA52C2B5D63DE00B7A731 /* FavouriteViewController.swift */; };
		51EEA52F2B5D716A00B7A731 /* GFButton.swift in Sources */ = {isa = PBXBuildFile; fileRef = 51EEA52E2B5D716A00B7A731 /* GFButton.swift */; };
		51EEA5312B5D737400B7A731 /* GFTextField.swift in Sources */ = {isa = PBXBuildFile; fileRef = 51EEA5302B5D737400B7A731 /* GFTextField.swift */; };
		51EEA5342B5D893E00B7A731 /* AppConstant .swift in Sources */ = {isa = PBXBuildFile; fileRef = 51EEA5332B5D893E00B7A731 /* AppConstant .swift */; };
		51EEA5362B5D934000B7A731 /* SearchViewModel.swift in Sources */ = {isa = PBXBuildFile; fileRef = 51EEA5352B5D934000B7A731 /* SearchViewModel.swift */; };
		51EEA5382B5D996500B7A731 /* FollowersListViewController.swift in Sources */ = {isa = PBXBuildFile; fileRef = 51EEA5372B5D996500B7A731 /* FollowersListViewController.swift */; };
/* End PBXBuildFile section */

/* Begin PBXFileReference section */
		38824C122B5EAF18007D3F8F /* Followers.swift */ = {isa = PBXFileReference; lastKnownFileType = sourcecode.swift; path = Followers.swift; sourceTree = "<group>"; };
		38824C142B5EB182007D3F8F /* NetworkManager.swift */ = {isa = PBXFileReference; lastKnownFileType = sourcecode.swift; path = NetworkManager.swift; sourceTree = "<group>"; };
		389135C32B63FC8A00BC20E5 /* Coordinator.swift */ = {isa = PBXFileReference; lastKnownFileType = sourcecode.swift; path = Coordinator.swift; sourceTree = "<group>"; };
		389135C52B63FF0B00BC20E5 /* ApplicationCoordinator.swift */ = {isa = PBXFileReference; lastKnownFileType = sourcecode.swift; path = ApplicationCoordinator.swift; sourceTree = "<group>"; };
		389135C82B63FF4900BC20E5 /* OnboardingView.swift */ = {isa = PBXFileReference; lastKnownFileType = sourcecode.swift; path = OnboardingView.swift; sourceTree = "<group>"; };
		389135CA2B64012600BC20E5 /* OnboardingViewModel.swift */ = {isa = PBXFileReference; lastKnownFileType = sourcecode.swift; path = OnboardingViewModel.swift; sourceTree = "<group>"; };
		389135CC2B641FC000BC20E5 /* OnboardingCoordinator.swift */ = {isa = PBXFileReference; lastKnownFileType = sourcecode.swift; path = OnboardingCoordinator.swift; sourceTree = "<group>"; };
		389135D02B64289E00BC20E5 /* FavouriteTabCoordinator.swift */ = {isa = PBXFileReference; lastKnownFileType = sourcecode.swift; path = FavouriteTabCoordinator.swift; sourceTree = "<group>"; };
		389135D32B642FF300BC20E5 /* SearchTabCoordinator.swift */ = {isa = PBXFileReference; lastKnownFileType = sourcecode.swift; path = SearchTabCoordinator.swift; sourceTree = "<group>"; };
		389135D52B64398B00BC20E5 /* MainCoordinator.swift */ = {isa = PBXFileReference; lastKnownFileType = sourcecode.swift; path = MainCoordinator.swift; sourceTree = "<group>"; };
		38BAA4972B5ED2E300E20F13 /* FollowersViewModel.swift */ = {isa = PBXFileReference; lastKnownFileType = sourcecode.swift; path = FollowersViewModel.swift; sourceTree = "<group>"; };
		510E52D32B5E5EA6007DBC06 /* FollowersCell.swift */ = {isa = PBXFileReference; lastKnownFileType = sourcecode.swift; path = FollowersCell.swift; sourceTree = "<group>"; };
		510E52D42B5E5EA6007DBC06 /* FollowersCell.xib */ = {isa = PBXFileReference; lastKnownFileType = file.xib; path = FollowersCell.xib; sourceTree = "<group>"; };
		510E52D82B5E72BC007DBC06 /* CustomAlertViewController.swift */ = {isa = PBXFileReference; lastKnownFileType = sourcecode.swift; path = CustomAlertViewController.swift; sourceTree = "<group>"; };
		514641272B6276AF00B08991 /* FavCell.swift */ = {isa = PBXFileReference; lastKnownFileType = sourcecode.swift; path = FavCell.swift; sourceTree = "<group>"; };
		514641282B6276AF00B08991 /* FavCell.xib */ = {isa = PBXFileReference; lastKnownFileType = file.xib; path = FavCell.xib; sourceTree = "<group>"; };
		514B4E8C2B592BC100156CCF /* GithubFollowers.app */ = {isa = PBXFileReference; explicitFileType = wrapper.application; includeInIndex = 0; path = GithubFollowers.app; sourceTree = BUILT_PRODUCTS_DIR; };
		514B4E8F2B592BC100156CCF /* AppDelegate.swift */ = {isa = PBXFileReference; lastKnownFileType = sourcecode.swift; path = AppDelegate.swift; sourceTree = "<group>"; };
		514B4E932B592BC100156CCF /* SearchViewController.swift */ = {isa = PBXFileReference; lastKnownFileType = sourcecode.swift; path = SearchViewController.swift; sourceTree = "<group>"; };
		514B4E9B2B592BC300156CCF /* Assets.xcassets */ = {isa = PBXFileReference; lastKnownFileType = folder.assetcatalog; path = Assets.xcassets; sourceTree = "<group>"; };
		514B4E9E2B592BC300156CCF /* Base */ = {isa = PBXFileReference; lastKnownFileType = file.storyboard; name = Base; path = Base.lproj/LaunchScreen.storyboard; sourceTree = "<group>"; };
		514B4EA02B592BC300156CCF /* Info.plist */ = {isa = PBXFileReference; lastKnownFileType = text.plist.xml; path = Info.plist; sourceTree = "<group>"; };
		51EEA52C2B5D63DE00B7A731 /* FavouriteViewController.swift */ = {isa = PBXFileReference; lastKnownFileType = sourcecode.swift; path = FavouriteViewController.swift; sourceTree = "<group>"; };
		51EEA52E2B5D716A00B7A731 /* GFButton.swift */ = {isa = PBXFileReference; lastKnownFileType = sourcecode.swift; path = GFButton.swift; sourceTree = "<group>"; };
		51EEA5302B5D737400B7A731 /* GFTextField.swift */ = {isa = PBXFileReference; lastKnownFileType = sourcecode.swift; path = GFTextField.swift; sourceTree = "<group>"; };
		51EEA5332B5D893E00B7A731 /* AppConstant .swift */ = {isa = PBXFileReference; lastKnownFileType = sourcecode.swift; path = "AppConstant .swift"; sourceTree = "<group>"; };
		51EEA5352B5D934000B7A731 /* SearchViewModel.swift */ = {isa = PBXFileReference; lastKnownFileType = sourcecode.swift; path = SearchViewModel.swift; sourceTree = "<group>"; };
		51EEA5372B5D996500B7A731 /* FollowersListViewController.swift */ = {isa = PBXFileReference; lastKnownFileType = sourcecode.swift; path = FollowersListViewController.swift; sourceTree = "<group>"; };
/* End PBXFileReference section */

/* Begin PBXFrameworksBuildPhase section */
		514B4E892B592BC100156CCF /* Frameworks */ = {
			isa = PBXFrameworksBuildPhase;
			buildActionMask = 2147483647;
			files = (
			);
			runOnlyForDeploymentPostprocessing = 0;
		};
/* End PBXFrameworksBuildPhase section */

/* Begin PBXGroup section */
		38824C102B5EACA6007D3F8F /* Models */ = {
			isa = PBXGroup;
			children = (
				38824C122B5EAF18007D3F8F /* Followers.swift */,
			);
			path = Models;
			sourceTree = "<group>";
		};
		38824C112B5EACB2007D3F8F /* Network */ = {
			isa = PBXGroup;
			children = (
				38824C142B5EB182007D3F8F /* NetworkManager.swift */,
			);
			path = Network;
			sourceTree = "<group>";
		};
		389135C22B63FC7300BC20E5 /* Coordinator */ = {
			isa = PBXGroup;
			children = (
				389135D22B642FCE00BC20E5 /* MainCoordinator */,
				389135C32B63FC8A00BC20E5 /* Coordinator.swift */,
			);
			path = Coordinator;
			sourceTree = "<group>";
		};
		389135C72B63FF2700BC20E5 /* Onboarding */ = {
			isa = PBXGroup;
			children = (
				389135C82B63FF4900BC20E5 /* OnboardingView.swift */,
				389135CA2B64012600BC20E5 /* OnboardingViewModel.swift */,
				389135CC2B641FC000BC20E5 /* OnboardingCoordinator.swift */,
			);
			path = Onboarding;
			sourceTree = "<group>";
		};
		389135D22B642FCE00BC20E5 /* MainCoordinator */ = {
			isa = PBXGroup;
			children = (
				389135D52B64398B00BC20E5 /* MainCoordinator.swift */,
			);
			path = MainCoordinator;
			sourceTree = "<group>";
		};
		510E52D02B5E5E68007DBC06 /* FollowersCell */ = {
			isa = PBXGroup;
			children = (
				510E52D32B5E5EA6007DBC06 /* FollowersCell.swift */,
				510E52D42B5E5EA6007DBC06 /* FollowersCell.xib */,
			);
			path = FollowersCell;
			sourceTree = "<group>";
		};
		510E52D72B5E7280007DBC06 /* Alerts */ = {
			isa = PBXGroup;
			children = (
				510E52D82B5E72BC007DBC06 /* CustomAlertViewController.swift */,
			);
			path = Alerts;
			sourceTree = "<group>";
		};
		514641252B62768100B08991 /* Views */ = {
			isa = PBXGroup;
			children = (
				514641262B62768E00B08991 /* FavCell */,
			);
			path = Views;
			sourceTree = "<group>";
		};
		514641262B62768E00B08991 /* FavCell */ = {
			isa = PBXGroup;
			children = (
				514641272B6276AF00B08991 /* FavCell.swift */,
				514641282B6276AF00B08991 /* FavCell.xib */,
			);
			path = FavCell;
			sourceTree = "<group>";
		};
		514B4E832B592BC100156CCF = {
			isa = PBXGroup;
			children = (
				514B4E8E2B592BC100156CCF /* GithubFollowers */,
				514B4E8D2B592BC100156CCF /* Products */,
			);
			sourceTree = "<group>";
		};
		514B4E8D2B592BC100156CCF /* Products */ = {
			isa = PBXGroup;
			children = (
				514B4E8C2B592BC100156CCF /* GithubFollowers.app */,
			);
			name = Products;
			sourceTree = "<group>";
		};
		514B4E8E2B592BC100156CCF /* GithubFollowers */ = {
			isa = PBXGroup;
			children = (
				389135C22B63FC7300BC20E5 /* Coordinator */,
				51EEA5322B5D891A00B7A731 /* Common */,
				51EEA5292B5D47DB00B7A731 /* Service */,
				51EEA5232B5D45D700B7A731 /* Modules */,
				51EEA5212B5D45AA00B7A731 /* App */,
				51EEA5282B5D463400B7A731 /* Resources */,
				514B4E9D2B592BC300156CCF /* LaunchScreen.storyboard */,
				514B4EA02B592BC300156CCF /* Info.plist */,
			);
			path = GithubFollowers;
			sourceTree = "<group>";
		};
		51EEA5212B5D45AA00B7A731 /* App */ = {
			isa = PBXGroup;
			children = (
				389135C52B63FF0B00BC20E5 /* ApplicationCoordinator.swift */,
				514B4E8F2B592BC100156CCF /* AppDelegate.swift */,
			);
			path = App;
			sourceTree = "<group>";
		};
		51EEA5232B5D45D700B7A731 /* Modules */ = {
			isa = PBXGroup;
			children = (
				389135C72B63FF2700BC20E5 /* Onboarding */,
				51EEA52B2B5D63BB00B7A731 /* Favourite */,
				51EEA5242B5D45E300B7A731 /* Search */,
			);
			path = Modules;
			sourceTree = "<group>";
		};
		51EEA5242B5D45E300B7A731 /* Search */ = {
			isa = PBXGroup;
			children = (
				38824C102B5EACA6007D3F8F /* Models */,
				51EEA5262B5D460700B7A731 /* Views */,
				51EEA5272B5D460C00B7A731 /* ViewModels */,
				514B4E932B592BC100156CCF /* SearchViewController.swift */,
				51EEA5372B5D996500B7A731 /* FollowersListViewController.swift */,
				389135D32B642FF300BC20E5 /* SearchTabCoordinator.swift */,
			);
			path = Search;
			sourceTree = "<group>";
		};
		51EEA5262B5D460700B7A731 /* Views */ = {
			isa = PBXGroup;
			children = (
				510E52D02B5E5E68007DBC06 /* FollowersCell */,
				51EEA52E2B5D716A00B7A731 /* GFButton.swift */,
				51EEA5302B5D737400B7A731 /* GFTextField.swift */,
			);
			path = Views;
			sourceTree = "<group>";
		};
		51EEA5272B5D460C00B7A731 /* ViewModels */ = {
			isa = PBXGroup;
			children = (
				51EEA5352B5D934000B7A731 /* SearchViewModel.swift */,
				38BAA4972B5ED2E300E20F13 /* FollowersViewModel.swift */,
			);
			path = ViewModels;
			sourceTree = "<group>";
		};
		51EEA5282B5D463400B7A731 /* Resources */ = {
			isa = PBXGroup;
			children = (
				514B4E9B2B592BC300156CCF /* Assets.xcassets */,
			);
			path = Resources;
			sourceTree = "<group>";
		};
		51EEA5292B5D47DB00B7A731 /* Service */ = {
			isa = PBXGroup;
			children = (
				38824C112B5EACB2007D3F8F /* Network */,
			);
			path = Service;
			sourceTree = "<group>";
		};
		51EEA52B2B5D63BB00B7A731 /* Favourite */ = {
			isa = PBXGroup;
			children = (
				514641252B62768100B08991 /* Views */,
				51EEA52C2B5D63DE00B7A731 /* FavouriteViewController.swift */,
				389135D02B64289E00BC20E5 /* FavouriteTabCoordinator.swift */,
			);
			path = Favourite;
			sourceTree = "<group>";
		};
		51EEA5322B5D891A00B7A731 /* Common */ = {
			isa = PBXGroup;
			children = (
				510E52D72B5E7280007DBC06 /* Alerts */,
				51EEA5332B5D893E00B7A731 /* AppConstant .swift */,
			);
			path = Common;
			sourceTree = "<group>";
		};
/* End PBXGroup section */

/* Begin PBXNativeTarget section */
		514B4E8B2B592BC100156CCF /* GithubFollowers */ = {
			isa = PBXNativeTarget;
			buildConfigurationList = 514B4EA32B592BC300156CCF /* Build configuration list for PBXNativeTarget "GithubFollowers" */;
			buildPhases = (
				514B4E882B592BC100156CCF /* Sources */,
				514B4E892B592BC100156CCF /* Frameworks */,
				514B4E8A2B592BC100156CCF /* Resources */,
			);
			buildRules = (
			);
			dependencies = (
			);
			name = GithubFollowers;
			productName = GithubFollowers;
			productReference = 514B4E8C2B592BC100156CCF /* GithubFollowers.app */;
			productType = "com.apple.product-type.application";
		};
/* End PBXNativeTarget section */

/* Begin PBXProject section */
		514B4E842B592BC100156CCF /* Project object */ = {
			isa = PBXProject;
			attributes = {
				BuildIndependentTargetsInParallel = 1;
				LastSwiftUpdateCheck = 1520;
				LastUpgradeCheck = 1520;
				TargetAttributes = {
					514B4E8B2B592BC100156CCF = {
						CreatedOnToolsVersion = 15.2;
					};
				};
			};
			buildConfigurationList = 514B4E872B592BC100156CCF /* Build configuration list for PBXProject "GithubFollowers" */;
			compatibilityVersion = "Xcode 14.0";
			developmentRegion = en;
			hasScannedForEncodings = 0;
			knownRegions = (
				en,
				Base,
			);
			mainGroup = 514B4E832B592BC100156CCF;
			productRefGroup = 514B4E8D2B592BC100156CCF /* Products */;
			projectDirPath = "";
			projectRoot = "";
			targets = (
				514B4E8B2B592BC100156CCF /* GithubFollowers */,
			);
		};
/* End PBXProject section */

/* Begin PBXResourcesBuildPhase section */
		514B4E8A2B592BC100156CCF /* Resources */ = {
			isa = PBXResourcesBuildPhase;
			buildActionMask = 2147483647;
			files = (
				510E52D62B5E5EA6007DBC06 /* FollowersCell.xib in Resources */,
				5146412A2B6276AF00B08991 /* FavCell.xib in Resources */,
				514B4E9F2B592BC300156CCF /* LaunchScreen.storyboard in Resources */,
				514B4E9C2B592BC300156CCF /* Assets.xcassets in Resources */,
			);
			runOnlyForDeploymentPostprocessing = 0;
		};
/* End PBXResourcesBuildPhase section */

/* Begin PBXSourcesBuildPhase section */
		514B4E882B592BC100156CCF /* Sources */ = {
			isa = PBXSourcesBuildPhase;
			buildActionMask = 2147483647;
			files = (
				389135D12B64289E00BC20E5 /* FavouriteTabCoordinator.swift in Sources */,
				38824C152B5EB182007D3F8F /* NetworkManager.swift in Sources */,
				38824C132B5EAF18007D3F8F /* Followers.swift in Sources */,
				389135C42B63FC8A00BC20E5 /* Coordinator.swift in Sources */,
				51EEA5342B5D893E00B7A731 /* AppConstant .swift in Sources */,
				389135D62B64398B00BC20E5 /* MainCoordinator.swift in Sources */,
				51EEA5362B5D934000B7A731 /* SearchViewModel.swift in Sources */,
				514B4E942B592BC100156CCF /* SearchViewController.swift in Sources */,
				514641292B6276AF00B08991 /* FavCell.swift in Sources */,
				389135D42B642FF300BC20E5 /* SearchTabCoordinator.swift in Sources */,
				51EEA52D2B5D63DE00B7A731 /* FavouriteViewController.swift in Sources */,
				51EEA5382B5D996500B7A731 /* FollowersListViewController.swift in Sources */,
				51EEA5312B5D737400B7A731 /* GFTextField.swift in Sources */,
				510E52D52B5E5EA6007DBC06 /* FollowersCell.swift in Sources */,
				51EEA52F2B5D716A00B7A731 /* GFButton.swift in Sources */,
				389135CD2B641FC000BC20E5 /* OnboardingCoordinator.swift in Sources */,
				510E52D92B5E72BC007DBC06 /* CustomAlertViewController.swift in Sources */,
				389135CB2B64012600BC20E5 /* OnboardingViewModel.swift in Sources */,
				514B4E902B592BC100156CCF /* AppDelegate.swift in Sources */,
				38BAA4982B5ED2E300E20F13 /* FollowersViewModel.swift in Sources */,
				389135C92B63FF4900BC20E5 /* OnboardingView.swift in Sources */,
				389135C62B63FF0B00BC20E5 /* ApplicationCoordinator.swift in Sources */,
			);
			runOnlyForDeploymentPostprocessing = 0;
		};
/* End PBXSourcesBuildPhase section */

/* Begin PBXVariantGroup section */
		514B4E9D2B592BC300156CCF /* LaunchScreen.storyboard */ = {
			isa = PBXVariantGroup;
			children = (
				514B4E9E2B592BC300156CCF /* Base */,
			);
			name = LaunchScreen.storyboard;
			sourceTree = "<group>";
		};
/* End PBXVariantGroup section */

/* Begin XCBuildConfiguration section */
		514B4EA12B592BC300156CCF /* Debug */ = {
			isa = XCBuildConfiguration;
			buildSettings = {
				ALWAYS_SEARCH_USER_PATHS = NO;
				ASSETCATALOG_COMPILER_GENERATE_SWIFT_ASSET_SYMBOL_EXTENSIONS = YES;
				CLANG_ANALYZER_NONNULL = YES;
				CLANG_ANALYZER_NUMBER_OBJECT_CONVERSION = YES_AGGRESSIVE;
				CLANG_CXX_LANGUAGE_STANDARD = "gnu++20";
				CLANG_ENABLE_MODULES = YES;
				CLANG_ENABLE_OBJC_ARC = YES;
				CLANG_ENABLE_OBJC_WEAK = YES;
				CLANG_WARN_BLOCK_CAPTURE_AUTORELEASING = YES;
				CLANG_WARN_BOOL_CONVERSION = YES;
				CLANG_WARN_COMMA = YES;
				CLANG_WARN_CONSTANT_CONVERSION = YES;
				CLANG_WARN_DEPRECATED_OBJC_IMPLEMENTATIONS = YES;
				CLANG_WARN_DIRECT_OBJC_ISA_USAGE = YES_ERROR;
				CLANG_WARN_DOCUMENTATION_COMMENTS = YES;
				CLANG_WARN_EMPTY_BODY = YES;
				CLANG_WARN_ENUM_CONVERSION = YES;
				CLANG_WARN_INFINITE_RECURSION = YES;
				CLANG_WARN_INT_CONVERSION = YES;
				CLANG_WARN_NON_LITERAL_NULL_CONVERSION = YES;
				CLANG_WARN_OBJC_IMPLICIT_RETAIN_SELF = YES;
				CLANG_WARN_OBJC_LITERAL_CONVERSION = YES;
				CLANG_WARN_OBJC_ROOT_CLASS = YES_ERROR;
				CLANG_WARN_QUOTED_INCLUDE_IN_FRAMEWORK_HEADER = YES;
				CLANG_WARN_RANGE_LOOP_ANALYSIS = YES;
				CLANG_WARN_STRICT_PROTOTYPES = YES;
				CLANG_WARN_SUSPICIOUS_MOVE = YES;
				CLANG_WARN_UNGUARDED_AVAILABILITY = YES_AGGRESSIVE;
				CLANG_WARN_UNREACHABLE_CODE = YES;
				CLANG_WARN__DUPLICATE_METHOD_MATCH = YES;
				COPY_PHASE_STRIP = NO;
				DEBUG_INFORMATION_FORMAT = dwarf;
				ENABLE_STRICT_OBJC_MSGSEND = YES;
				ENABLE_TESTABILITY = YES;
				ENABLE_USER_SCRIPT_SANDBOXING = NO;
				GCC_C_LANGUAGE_STANDARD = gnu17;
				GCC_DYNAMIC_NO_PIC = NO;
				GCC_NO_COMMON_BLOCKS = YES;
				GCC_OPTIMIZATION_LEVEL = 0;
				GCC_PREPROCESSOR_DEFINITIONS = (
					"DEBUG=1",
					"$(inherited)",
				);
				GCC_WARN_64_TO_32_BIT_CONVERSION = YES;
				GCC_WARN_ABOUT_RETURN_TYPE = YES_ERROR;
				GCC_WARN_UNDECLARED_SELECTOR = YES;
				GCC_WARN_UNINITIALIZED_AUTOS = YES_AGGRESSIVE;
				GCC_WARN_UNUSED_FUNCTION = YES;
				GCC_WARN_UNUSED_VARIABLE = YES;
				IPHONEOS_DEPLOYMENT_TARGET = 14.0;
				LOCALIZATION_PREFERS_STRING_CATALOGS = YES;
				MTL_ENABLE_DEBUG_INFO = INCLUDE_SOURCE;
				MTL_FAST_MATH = YES;
				ONLY_ACTIVE_ARCH = YES;
				SDKROOT = iphoneos;
				SWIFT_ACTIVE_COMPILATION_CONDITIONS = "DEBUG $(inherited)";
				SWIFT_OPTIMIZATION_LEVEL = "-Onone";
			};
			name = Debug;
		};
		514B4EA22B592BC300156CCF /* Release */ = {
			isa = XCBuildConfiguration;
			buildSettings = {
				ALWAYS_SEARCH_USER_PATHS = NO;
				ASSETCATALOG_COMPILER_GENERATE_SWIFT_ASSET_SYMBOL_EXTENSIONS = YES;
				CLANG_ANALYZER_NONNULL = YES;
				CLANG_ANALYZER_NUMBER_OBJECT_CONVERSION = YES_AGGRESSIVE;
				CLANG_CXX_LANGUAGE_STANDARD = "gnu++20";
				CLANG_ENABLE_MODULES = YES;
				CLANG_ENABLE_OBJC_ARC = YES;
				CLANG_ENABLE_OBJC_WEAK = YES;
				CLANG_WARN_BLOCK_CAPTURE_AUTORELEASING = YES;
				CLANG_WARN_BOOL_CONVERSION = YES;
				CLANG_WARN_COMMA = YES;
				CLANG_WARN_CONSTANT_CONVERSION = YES;
				CLANG_WARN_DEPRECATED_OBJC_IMPLEMENTATIONS = YES;
				CLANG_WARN_DIRECT_OBJC_ISA_USAGE = YES_ERROR;
				CLANG_WARN_DOCUMENTATION_COMMENTS = YES;
				CLANG_WARN_EMPTY_BODY = YES;
				CLANG_WARN_ENUM_CONVERSION = YES;
				CLANG_WARN_INFINITE_RECURSION = YES;
				CLANG_WARN_INT_CONVERSION = YES;
				CLANG_WARN_NON_LITERAL_NULL_CONVERSION = YES;
				CLANG_WARN_OBJC_IMPLICIT_RETAIN_SELF = YES;
				CLANG_WARN_OBJC_LITERAL_CONVERSION = YES;
				CLANG_WARN_OBJC_ROOT_CLASS = YES_ERROR;
				CLANG_WARN_QUOTED_INCLUDE_IN_FRAMEWORK_HEADER = YES;
				CLANG_WARN_RANGE_LOOP_ANALYSIS = YES;
				CLANG_WARN_STRICT_PROTOTYPES = YES;
				CLANG_WARN_SUSPICIOUS_MOVE = YES;
				CLANG_WARN_UNGUARDED_AVAILABILITY = YES_AGGRESSIVE;
				CLANG_WARN_UNREACHABLE_CODE = YES;
				CLANG_WARN__DUPLICATE_METHOD_MATCH = YES;
				COPY_PHASE_STRIP = NO;
				DEBUG_INFORMATION_FORMAT = "dwarf-with-dsym";
				ENABLE_NS_ASSERTIONS = NO;
				ENABLE_STRICT_OBJC_MSGSEND = YES;
				ENABLE_USER_SCRIPT_SANDBOXING = NO;
				GCC_C_LANGUAGE_STANDARD = gnu17;
				GCC_NO_COMMON_BLOCKS = YES;
				GCC_WARN_64_TO_32_BIT_CONVERSION = YES;
				GCC_WARN_ABOUT_RETURN_TYPE = YES_ERROR;
				GCC_WARN_UNDECLARED_SELECTOR = YES;
				GCC_WARN_UNINITIALIZED_AUTOS = YES_AGGRESSIVE;
				GCC_WARN_UNUSED_FUNCTION = YES;
				GCC_WARN_UNUSED_VARIABLE = YES;
				IPHONEOS_DEPLOYMENT_TARGET = 14.0;
				LOCALIZATION_PREFERS_STRING_CATALOGS = YES;
				MTL_ENABLE_DEBUG_INFO = NO;
				MTL_FAST_MATH = YES;
				SDKROOT = iphoneos;
				SWIFT_COMPILATION_MODE = wholemodule;
				VALIDATE_PRODUCT = YES;
			};
			name = Release;
		};
		514B4EA42B592BC300156CCF /* Debug */ = {
			isa = XCBuildConfiguration;
			buildSettings = {
				ASSETCATALOG_COMPILER_APPICON_NAME = AppIcon;
				ASSETCATALOG_COMPILER_GLOBAL_ACCENT_COLOR_NAME = AccentColor;
				CODE_SIGN_STYLE = Automatic;
				CURRENT_PROJECT_VERSION = 1;
				DEVELOPMENT_TEAM = WLDKHQVL9S;
				GENERATE_INFOPLIST_FILE = YES;
				INFOPLIST_FILE = GithubFollowers/Info.plist;
				INFOPLIST_KEY_UIApplicationSupportsIndirectInputEvents = YES;
				INFOPLIST_KEY_UILaunchStoryboardName = LaunchScreen;
				INFOPLIST_KEY_UIMainStoryboardFile = "";
				INFOPLIST_KEY_UISupportedInterfaceOrientations = UIInterfaceOrientationPortrait;
				INFOPLIST_KEY_UIUserInterfaceStyle = Light;
				LD_RUNPATH_SEARCH_PATHS = (
					"$(inherited)",
					"@executable_path/Frameworks",
				);
				MARKETING_VERSION = 1.0;
				PRODUCT_BUNDLE_IDENTIFIER = test.GithubFollowers;
				PRODUCT_NAME = "$(TARGET_NAME)";
				SWIFT_EMIT_LOC_STRINGS = YES;
				SWIFT_VERSION = 5.0;
				TARGETED_DEVICE_FAMILY = "1,2";
			};
			name = Debug;
		};
		514B4EA52B592BC300156CCF /* Release */ = {
			isa = XCBuildConfiguration;
			buildSettings = {
				ASSETCATALOG_COMPILER_APPICON_NAME = AppIcon;
				ASSETCATALOG_COMPILER_GLOBAL_ACCENT_COLOR_NAME = AccentColor;
				CODE_SIGN_STYLE = Automatic;
				CURRENT_PROJECT_VERSION = 1;
				DEVELOPMENT_TEAM = WLDKHQVL9S;
				ENABLE_USER_SCRIPT_SANDBOXING = NO;
				GENERATE_INFOPLIST_FILE = YES;
				INFOPLIST_FILE = GithubFollowers/Info.plist;
				INFOPLIST_KEY_UIApplicationSupportsIndirectInputEvents = YES;
				INFOPLIST_KEY_UILaunchStoryboardName = LaunchScreen;
				INFOPLIST_KEY_UIMainStoryboardFile = "";
				INFOPLIST_KEY_UISupportedInterfaceOrientations = UIInterfaceOrientationPortrait;
				INFOPLIST_KEY_UIUserInterfaceStyle = Light;
				LD_RUNPATH_SEARCH_PATHS = (
					"$(inherited)",
					"@executable_path/Frameworks",
				);
				MARKETING_VERSION = 1.0;
				PRODUCT_BUNDLE_IDENTIFIER = test.GithubFollowers;
				PRODUCT_NAME = "$(TARGET_NAME)";
				SWIFT_EMIT_LOC_STRINGS = YES;
				SWIFT_VERSION = 5.0;
				TARGETED_DEVICE_FAMILY = "1,2";
			};
			name = Release;
		};
/* End XCBuildConfiguration section */

/* Begin XCConfigurationList section */
		514B4E872B592BC100156CCF /* Build configuration list for PBXProject "GithubFollowers" */ = {
			isa = XCConfigurationList;
			buildConfigurations = (
				514B4EA12B592BC300156CCF /* Debug */,
				514B4EA22B592BC300156CCF /* Release */,
			);
			defaultConfigurationIsVisible = 0;
			defaultConfigurationName = Release;
		};
		514B4EA32B592BC300156CCF /* Build configuration list for PBXNativeTarget "GithubFollowers" */ = {
			isa = XCConfigurationList;
			buildConfigurations = (
				514B4EA42B592BC300156CCF /* Debug */,
				514B4EA52B592BC300156CCF /* Release */,
			);
			defaultConfigurationIsVisible = 0;
			defaultConfigurationName = Release;
		};
/* End XCConfigurationList section */
	};
	rootObject = 514B4E842B592BC100156CCF /* Project object */;
}
